// !$*UTF8*$!
{
	archiveVersion = 1;
	classes = {
	};
	objectVersion = 48;
	objects = {

/* Begin PBXBuildFile section */
		AEEB95E720535DCE001ECD8D /* AppDelegate.swift in Sources */ = {isa = PBXBuildFile; fileRef = AEEB95E620535DCE001ECD8D /* AppDelegate.swift */; };
		AEEB95E920535DCE001ECD8D /* HomeVC.swift in Sources */ = {isa = PBXBuildFile; fileRef = AEEB95E820535DCE001ECD8D /* HomeVC.swift */; };
		AEEB95EF20535DCE001ECD8D /* My_Movies.xcdatamodeld in Sources */ = {isa = PBXBuildFile; fileRef = AEEB95ED20535DCE001ECD8D /* My_Movies.xcdatamodeld */; };
		AEEB95F120535DCE001ECD8D /* Assets.xcassets in Resources */ = {isa = PBXBuildFile; fileRef = AEEB95F020535DCE001ECD8D /* Assets.xcassets */; };
		AEEB95F420535DCE001ECD8D /* LaunchScreen.storyboard in Resources */ = {isa = PBXBuildFile; fileRef = AEEB95F220535DCE001ECD8D /* LaunchScreen.storyboard */; };
		AEEB960020536128001ECD8D /* MovieCell.swift in Sources */ = {isa = PBXBuildFile; fileRef = AEEB95FF20536128001ECD8D /* MovieCell.swift */; };
		AEEB960220536151001ECD8D /* MovieData.swift in Sources */ = {isa = PBXBuildFile; fileRef = AEEB960120536151001ECD8D /* MovieData.swift */; };
		AEF23890205B80BD00CD6512 /* DetailVC.swift in Sources */ = {isa = PBXBuildFile; fileRef = AEF2388F205B80BD00CD6512 /* DetailVC.swift */; };
		AEF23892205CAD4E00CD6512 /* ImageCell.swift in Sources */ = {isa = PBXBuildFile; fileRef = AEF23891205CAD4E00CD6512 /* ImageCell.swift */; };
		AEF238A4205CBBFC00CD6512 /* CosmosDefaultSettings.swift in Sources */ = {isa = PBXBuildFile; fileRef = AEF23894205CBBF900CD6512 /* CosmosDefaultSettings.swift */; };
		AEF238A5205CBBFC00CD6512 /* CosmosView.swift in Sources */ = {isa = PBXBuildFile; fileRef = AEF23895205CBBF900CD6512 /* CosmosView.swift */; };
		AEF238A6205CBBFC00CD6512 /* CosmosAccessibility.swift in Sources */ = {isa = PBXBuildFile; fileRef = AEF23896205CBBF900CD6512 /* CosmosAccessibility.swift */; };
		AEF238A7205CBBFC00CD6512 /* CosmosTouchTarget.swift in Sources */ = {isa = PBXBuildFile; fileRef = AEF23897205CBBFA00CD6512 /* CosmosTouchTarget.swift */; };
		AEF238A8205CBBFC00CD6512 /* CosmosRating.swift in Sources */ = {isa = PBXBuildFile; fileRef = AEF23898205CBBFA00CD6512 /* CosmosRating.swift */; };
		AEF238A9205CBBFC00CD6512 /* RightToLeft.swift in Sources */ = {isa = PBXBuildFile; fileRef = AEF23899205CBBFA00CD6512 /* RightToLeft.swift */; };
		AEF238AA205CBBFC00CD6512 /* StarFillMode.swift in Sources */ = {isa = PBXBuildFile; fileRef = AEF2389A205CBBFA00CD6512 /* StarFillMode.swift */; };
		AEF238AB205CBBFC00CD6512 /* StarLayer.swift in Sources */ = {isa = PBXBuildFile; fileRef = AEF2389B205CBBFA00CD6512 /* StarLayer.swift */; };
		AEF238AC205CBBFC00CD6512 /* CosmosText.swift in Sources */ = {isa = PBXBuildFile; fileRef = AEF2389C205CBBFA00CD6512 /* CosmosText.swift */; };
		AEF238AD205CBBFC00CD6512 /* CosmosTouch.swift in Sources */ = {isa = PBXBuildFile; fileRef = AEF2389D205CBBFA00CD6512 /* CosmosTouch.swift */; };
		AEF238AE205CBBFC00CD6512 /* CosmosLayerHelper.swift in Sources */ = {isa = PBXBuildFile; fileRef = AEF2389E205CBBFA00CD6512 /* CosmosLayerHelper.swift */; };
		AEF238AF205CBBFC00CD6512 /* CosmosSize.swift in Sources */ = {isa = PBXBuildFile; fileRef = AEF2389F205CBBFB00CD6512 /* CosmosSize.swift */; };
		AEF238B0205CBBFC00CD6512 /* CosmosLocalizedRating.swift in Sources */ = {isa = PBXBuildFile; fileRef = AEF238A0205CBBFB00CD6512 /* CosmosLocalizedRating.swift */; };
		AEF238B1205CBBFC00CD6512 /* CosmosLayers.swift in Sources */ = {isa = PBXBuildFile; fileRef = AEF238A2205CBBFB00CD6512 /* CosmosLayers.swift */; };
		AEF238B2205CBBFC00CD6512 /* CosmosSettings.swift in Sources */ = {isa = PBXBuildFile; fileRef = AEF238A3205CBBFC00CD6512 /* CosmosSettings.swift */; };
/* End PBXBuildFile section */

/* Begin PBXFileReference section */
		AEEB95E320535DCE001ECD8D /* My Movies.app */ = {isa = PBXFileReference; explicitFileType = wrapper.application; includeInIndex = 0; path = "My Movies.app"; sourceTree = BUILT_PRODUCTS_DIR; };
		AEEB95E620535DCE001ECD8D /* AppDelegate.swift */ = {isa = PBXFileReference; lastKnownFileType = sourcecode.swift; path = AppDelegate.swift; sourceTree = "<group>"; };
		AEEB95E820535DCE001ECD8D /* HomeVC.swift */ = {isa = PBXFileReference; lastKnownFileType = sourcecode.swift; path = HomeVC.swift; sourceTree = "<group>"; };
		AEEB95EE20535DCE001ECD8D /* My_Movies.xcdatamodel */ = {isa = PBXFileReference; lastKnownFileType = wrapper.xcdatamodel; path = My_Movies.xcdatamodel; sourceTree = "<group>"; };
		AEEB95F020535DCE001ECD8D /* Assets.xcassets */ = {isa = PBXFileReference; lastKnownFileType = folder.assetcatalog; path = Assets.xcassets; sourceTree = "<group>"; };
		AEEB95F320535DCE001ECD8D /* Base */ = {isa = PBXFileReference; lastKnownFileType = file.storyboard; name = Base; path = Base.lproj/LaunchScreen.storyboard; sourceTree = "<group>"; };
		AEEB95F520535DCE001ECD8D /* Info.plist */ = {isa = PBXFileReference; lastKnownFileType = text.plist.xml; path = Info.plist; sourceTree = "<group>"; };
		AEEB95FF20536128001ECD8D /* MovieCell.swift */ = {isa = PBXFileReference; lastKnownFileType = sourcecode.swift; path = MovieCell.swift; sourceTree = "<group>"; };
		AEEB960120536151001ECD8D /* MovieData.swift */ = {isa = PBXFileReference; lastKnownFileType = sourcecode.swift; path = MovieData.swift; sourceTree = "<group>"; };
		AEF2388F205B80BD00CD6512 /* DetailVC.swift */ = {isa = PBXFileReference; lastKnownFileType = sourcecode.swift; path = DetailVC.swift; sourceTree = "<group>"; };
		AEF23891205CAD4E00CD6512 /* ImageCell.swift */ = {isa = PBXFileReference; lastKnownFileType = sourcecode.swift; path = ImageCell.swift; sourceTree = "<group>"; };
		AEF23894205CBBF900CD6512 /* CosmosDefaultSettings.swift */ = {isa = PBXFileReference; fileEncoding = 4; lastKnownFileType = sourcecode.swift; path = CosmosDefaultSettings.swift; sourceTree = "<group>"; };
		AEF23895205CBBF900CD6512 /* CosmosView.swift */ = {isa = PBXFileReference; fileEncoding = 4; lastKnownFileType = sourcecode.swift; path = CosmosView.swift; sourceTree = "<group>"; };
		AEF23896205CBBF900CD6512 /* CosmosAccessibility.swift */ = {isa = PBXFileReference; fileEncoding = 4; lastKnownFileType = sourcecode.swift; path = CosmosAccessibility.swift; sourceTree = "<group>"; };
		AEF23897205CBBFA00CD6512 /* CosmosTouchTarget.swift */ = {isa = PBXFileReference; fileEncoding = 4; lastKnownFileType = sourcecode.swift; path = CosmosTouchTarget.swift; sourceTree = "<group>"; };
		AEF23898205CBBFA00CD6512 /* CosmosRating.swift */ = {isa = PBXFileReference; fileEncoding = 4; lastKnownFileType = sourcecode.swift; path = CosmosRating.swift; sourceTree = "<group>"; };
		AEF23899205CBBFA00CD6512 /* RightToLeft.swift */ = {isa = PBXFileReference; fileEncoding = 4; lastKnownFileType = sourcecode.swift; path = RightToLeft.swift; sourceTree = "<group>"; };
		AEF2389A205CBBFA00CD6512 /* StarFillMode.swift */ = {isa = PBXFileReference; fileEncoding = 4; lastKnownFileType = sourcecode.swift; path = StarFillMode.swift; sourceTree = "<group>"; };
		AEF2389B205CBBFA00CD6512 /* StarLayer.swift */ = {isa = PBXFileReference; fileEncoding = 4; lastKnownFileType = sourcecode.swift; path = StarLayer.swift; sourceTree = "<group>"; };
		AEF2389C205CBBFA00CD6512 /* CosmosText.swift */ = {isa = PBXFileReference; fileEncoding = 4; lastKnownFileType = sourcecode.swift; path = CosmosText.swift; sourceTree = "<group>"; };
		AEF2389D205CBBFA00CD6512 /* CosmosTouch.swift */ = {isa = PBXFileReference; fileEncoding = 4; lastKnownFileType = sourcecode.swift; path = CosmosTouch.swift; sourceTree = "<group>"; };
		AEF2389E205CBBFA00CD6512 /* CosmosLayerHelper.swift */ = {isa = PBXFileReference; fileEncoding = 4; lastKnownFileType = sourcecode.swift; path = CosmosLayerHelper.swift; sourceTree = "<group>"; };
		AEF2389F205CBBFB00CD6512 /* CosmosSize.swift */ = {isa = PBXFileReference; fileEncoding = 4; lastKnownFileType = sourcecode.swift; path = CosmosSize.swift; sourceTree = "<group>"; };
		AEF238A0205CBBFB00CD6512 /* CosmosLocalizedRating.swift */ = {isa = PBXFileReference; fileEncoding = 4; lastKnownFileType = sourcecode.swift; path = CosmosLocalizedRating.swift; sourceTree = "<group>"; };
		AEF238A1205CBBFB00CD6512 /* Cosmos.h */ = {isa = PBXFileReference; fileEncoding = 4; lastKnownFileType = sourcecode.c.h; path = Cosmos.h; sourceTree = "<group>"; };
		AEF238A2205CBBFB00CD6512 /* CosmosLayers.swift */ = {isa = PBXFileReference; fileEncoding = 4; lastKnownFileType = sourcecode.swift; path = CosmosLayers.swift; sourceTree = "<group>"; };
		AEF238A3205CBBFC00CD6512 /* CosmosSettings.swift */ = {isa = PBXFileReference; fileEncoding = 4; lastKnownFileType = sourcecode.swift; path = CosmosSettings.swift; sourceTree = "<group>"; };
/* End PBXFileReference section */

/* Begin PBXFrameworksBuildPhase section */
		AEEB95E020535DCE001ECD8D /* Frameworks */ = {
			isa = PBXFrameworksBuildPhase;
			buildActionMask = 2147483647;
			files = (
			);
			runOnlyForDeploymentPostprocessing = 0;
		};
/* End PBXFrameworksBuildPhase section */

/* Begin PBXGroup section */
		AEEB95DA20535DCE001ECD8D = {
			isa = PBXGroup;
			children = (
				AEEB95E520535DCE001ECD8D /* My Movies */,
				AEEB95E420535DCE001ECD8D /* Products */,
			);
			sourceTree = "<group>";
		};
		AEEB95E420535DCE001ECD8D /* Products */ = {
			isa = PBXGroup;
			children = (
				AEEB95E320535DCE001ECD8D /* My Movies.app */,
			);
			name = Products;
			sourceTree = "<group>";
		};
		AEEB95E520535DCE001ECD8D /* My Movies */ = {
			isa = PBXGroup;
			children = (
				AEF23893205CBBE300CD6512 /* Cosmos */,
				AEEB95FE20536102001ECD8D /* Model */,
				AEEB95FD205360FE001ECD8D /* View */,
				AEEB95FC205360F9001ECD8D /* Controller */,
				AEEB95E620535DCE001ECD8D /* AppDelegate.swift */,
				AEEB95F020535DCE001ECD8D /* Assets.xcassets */,
				AEEB95F220535DCE001ECD8D /* LaunchScreen.storyboard */,
				AEEB95F520535DCE001ECD8D /* Info.plist */,
				AEEB95ED20535DCE001ECD8D /* My_Movies.xcdatamodeld */,
			);
			path = "My Movies";
			sourceTree = "<group>";
		};
		AEEB95FC205360F9001ECD8D /* Controller */ = {
			isa = PBXGroup;
			children = (
				AEEB95E820535DCE001ECD8D /* HomeVC.swift */,
				AEF2388F205B80BD00CD6512 /* DetailVC.swift */,
			);
			path = Controller;
			sourceTree = "<group>";
		};
		AEEB95FD205360FE001ECD8D /* View */ = {
			isa = PBXGroup;
			children = (
				AEEB95FF20536128001ECD8D /* MovieCell.swift */,
				AEF23891205CAD4E00CD6512 /* ImageCell.swift */,
			);
			path = View;
			sourceTree = "<group>";
		};
		AEEB95FE20536102001ECD8D /* Model */ = {
			isa = PBXGroup;
			children = (
				AEEB960120536151001ECD8D /* MovieData.swift */,
			);
			path = Model;
			sourceTree = "<group>";
		};
		AEF23893205CBBE300CD6512 /* Cosmos */ = {
			isa = PBXGroup;
			children = (
				AEF238A1205CBBFB00CD6512 /* Cosmos.h */,
				AEF23896205CBBF900CD6512 /* CosmosAccessibility.swift */,
				AEF23894205CBBF900CD6512 /* CosmosDefaultSettings.swift */,
				AEF2389E205CBBFA00CD6512 /* CosmosLayerHelper.swift */,
				AEF238A2205CBBFB00CD6512 /* CosmosLayers.swift */,
				AEF238A0205CBBFB00CD6512 /* CosmosLocalizedRating.swift */,
				AEF23898205CBBFA00CD6512 /* CosmosRating.swift */,
				AEF238A3205CBBFC00CD6512 /* CosmosSettings.swift */,
				AEF2389F205CBBFB00CD6512 /* CosmosSize.swift */,
				AEF2389C205CBBFA00CD6512 /* CosmosText.swift */,
				AEF2389D205CBBFA00CD6512 /* CosmosTouch.swift */,
				AEF23897205CBBFA00CD6512 /* CosmosTouchTarget.swift */,
				AEF23895205CBBF900CD6512 /* CosmosView.swift */,
				AEF23899205CBBFA00CD6512 /* RightToLeft.swift */,
				AEF2389A205CBBFA00CD6512 /* StarFillMode.swift */,
				AEF2389B205CBBFA00CD6512 /* StarLayer.swift */,
			);
			path = Cosmos;
			sourceTree = "<group>";
		};
/* End PBXGroup section */

/* Begin PBXNativeTarget section */
		AEEB95E220535DCE001ECD8D /* My Movies */ = {
			isa = PBXNativeTarget;
			buildConfigurationList = AEEB95F820535DCE001ECD8D /* Build configuration list for PBXNativeTarget "My Movies" */;
			buildPhases = (
				AEEB95DF20535DCE001ECD8D /* Sources */,
				AEEB95E020535DCE001ECD8D /* Frameworks */,
				AEEB95E120535DCE001ECD8D /* Resources */,
			);
			buildRules = (
			);
			dependencies = (
			);
			name = "My Movies";
			productName = "My Movies";
			productReference = AEEB95E320535DCE001ECD8D /* My Movies.app */;
			productType = "com.apple.product-type.application";
		};
/* End PBXNativeTarget section */

/* Begin PBXProject section */
		AEEB95DB20535DCE001ECD8D /* Project object */ = {
			isa = PBXProject;
			attributes = {
				LastSwiftUpdateCheck = 0920;
				LastUpgradeCheck = 0920;
				ORGANIZATIONNAME = "Manoj Kulkarni";
				TargetAttributes = {
					AEEB95E220535DCE001ECD8D = {
						CreatedOnToolsVersion = 9.2;
						ProvisioningStyle = Automatic;
					};
				};
			};
			buildConfigurationList = AEEB95DE20535DCE001ECD8D /* Build configuration list for PBXProject "My Movies" */;
			compatibilityVersion = "Xcode 8.0";
			developmentRegion = en;
			hasScannedForEncodings = 0;
			knownRegions = (
				en,
				Base,
			);
			mainGroup = AEEB95DA20535DCE001ECD8D;
			productRefGroup = AEEB95E420535DCE001ECD8D /* Products */;
			projectDirPath = "";
			projectRoot = "";
			targets = (
				AEEB95E220535DCE001ECD8D /* My Movies */,
			);
		};
/* End PBXProject section */

/* Begin PBXResourcesBuildPhase section */
		AEEB95E120535DCE001ECD8D /* Resources */ = {
			isa = PBXResourcesBuildPhase;
			buildActionMask = 2147483647;
			files = (
				AEEB95F420535DCE001ECD8D /* LaunchScreen.storyboard in Resources */,
				AEEB95F120535DCE001ECD8D /* Assets.xcassets in Resources */,
			);
			runOnlyForDeploymentPostprocessing = 0;
		};
/* End PBXResourcesBuildPhase section */

/* Begin PBXSourcesBuildPhase section */
		AEEB95DF20535DCE001ECD8D /* Sources */ = {
			isa = PBXSourcesBuildPhase;
			buildActionMask = 2147483647;
			files = (
				AEF238A6205CBBFC00CD6512 /* CosmosAccessibility.swift in Sources */,
				AEF238AF205CBBFC00CD6512 /* CosmosSize.swift in Sources */,
				AEF238AE205CBBFC00CD6512 /* CosmosLayerHelper.swift in Sources */,
				AEF238A7205CBBFC00CD6512 /* CosmosTouchTarget.swift in Sources */,
				AEF238B2205CBBFC00CD6512 /* CosmosSettings.swift in Sources */,
				AEF238A4205CBBFC00CD6512 /* CosmosDefaultSettings.swift in Sources */,
				AEEB95EF20535DCE001ECD8D /* My_Movies.xcdatamodeld in Sources */,
				AEF238AC205CBBFC00CD6512 /* CosmosText.swift in Sources */,
				AEEB95E920535DCE001ECD8D /* HomeVC.swift in Sources */,
				AEF238AD205CBBFC00CD6512 /* CosmosTouch.swift in Sources */,
				AEEB960020536128001ECD8D /* MovieCell.swift in Sources */,
				AEF238B0205CBBFC00CD6512 /* CosmosLocalizedRating.swift in Sources */,
				AEEB960220536151001ECD8D /* MovieData.swift in Sources */,
				AEF238B1205CBBFC00CD6512 /* CosmosLayers.swift in Sources */,
				AEEB95E720535DCE001ECD8D /* AppDelegate.swift in Sources */,
				AEF23892205CAD4E00CD6512 /* ImageCell.swift in Sources */,
				AEF238A5205CBBFC00CD6512 /* CosmosView.swift in Sources */,
				AEF238A9205CBBFC00CD6512 /* RightToLeft.swift in Sources */,
				AEF238A8205CBBFC00CD6512 /* CosmosRating.swift in Sources */,
				AEF23890205B80BD00CD6512 /* DetailVC.swift in Sources */,
				AEF238AA205CBBFC00CD6512 /* StarFillMode.swift in Sources */,
				AEF238AB205CBBFC00CD6512 /* StarLayer.swift in Sources */,
			);
			runOnlyForDeploymentPostprocessing = 0;
		};
/* End PBXSourcesBuildPhase section */

/* Begin PBXVariantGroup section */
		AEEB95F220535DCE001ECD8D /* LaunchScreen.storyboard */ = {
			isa = PBXVariantGroup;
			children = (
				AEEB95F320535DCE001ECD8D /* Base */,
			);
			name = LaunchScreen.storyboard;
			sourceTree = "<group>";
		};
/* End PBXVariantGroup section */

/* Begin XCBuildConfiguration section */
		AEEB95F620535DCE001ECD8D /* Debug */ = {
			isa = XCBuildConfiguration;
			buildSettings = {
				ALWAYS_SEARCH_USER_PATHS = NO;
				CLANG_ANALYZER_NONNULL = YES;
				CLANG_ANALYZER_NUMBER_OBJECT_CONVERSION = YES_AGGRESSIVE;
				CLANG_CXX_LANGUAGE_STANDARD = "gnu++14";
				CLANG_CXX_LIBRARY = "libc++";
				CLANG_ENABLE_MODULES = YES;
				CLANG_ENABLE_OBJC_ARC = YES;
				CLANG_WARN_BLOCK_CAPTURE_AUTORELEASING = YES;
				CLANG_WARN_BOOL_CONVERSION = YES;
				CLANG_WARN_COMMA = YES;
				CLANG_WARN_CONSTANT_CONVERSION = YES;
				CLANG_WARN_DIRECT_OBJC_ISA_USAGE = YES_ERROR;
				CLANG_WARN_DOCUMENTATION_COMMENTS = YES;
				CLANG_WARN_EMPTY_BODY = YES;
				CLANG_WARN_ENUM_CONVERSION = YES;
				CLANG_WARN_INFINITE_RECURSION = YES;
				CLANG_WARN_INT_CONVERSION = YES;
				CLANG_WARN_NON_LITERAL_NULL_CONVERSION = YES;
				CLANG_WARN_OBJC_LITERAL_CONVERSION = YES;
				CLANG_WARN_OBJC_ROOT_CLASS = YES_ERROR;
				CLANG_WARN_RANGE_LOOP_ANALYSIS = YES;
				CLANG_WARN_STRICT_PROTOTYPES = YES;
				CLANG_WARN_SUSPICIOUS_MOVE = YES;
				CLANG_WARN_UNGUARDED_AVAILABILITY = YES_AGGRESSIVE;
				CLANG_WARN_UNREACHABLE_CODE = YES;
				CLANG_WARN__DUPLICATE_METHOD_MATCH = YES;
				CODE_SIGN_IDENTITY = "iPhone Developer";
				COPY_PHASE_STRIP = NO;
				DEBUG_INFORMATION_FORMAT = dwarf;
				ENABLE_STRICT_OBJC_MSGSEND = YES;
				ENABLE_TESTABILITY = YES;
				GCC_C_LANGUAGE_STANDARD = gnu11;
				GCC_DYNAMIC_NO_PIC = NO;
				GCC_NO_COMMON_BLOCKS = YES;
				GCC_OPTIMIZATION_LEVEL = 0;
				GCC_PREPROCESSOR_DEFINITIONS = (
					"DEBUG=1",
					"$(inherited)",
				);
				GCC_WARN_64_TO_32_BIT_CONVERSION = YES;
				GCC_WARN_ABOUT_RETURN_TYPE = YES_ERROR;
				GCC_WARN_UNDECLARED_SELECTOR = YES;
				GCC_WARN_UNINITIALIZED_AUTOS = YES_AGGRESSIVE;
				GCC_WARN_UNUSED_FUNCTION = YES;
				GCC_WARN_UNUSED_VARIABLE = YES;
				IPHONEOS_DEPLOYMENT_TARGET = 11.2;
				MTL_ENABLE_DEBUG_INFO = YES;
				ONLY_ACTIVE_ARCH = YES;
				SDKROOT = iphoneos;
				SWIFT_ACTIVE_COMPILATION_CONDITIONS = DEBUG;
				SWIFT_OPTIMIZATION_LEVEL = "-Onone";
			};
			name = Debug;
		};
		AEEB95F720535DCE001ECD8D /* Release */ = {
			isa = XCBuildConfiguration;
			buildSettings = {
				ALWAYS_SEARCH_USER_PATHS = NO;
				CLANG_ANALYZER_NONNULL = YES;
				CLANG_ANALYZER_NUMBER_OBJECT_CONVERSION = YES_AGGRESSIVE;
				CLANG_CXX_LANGUAGE_STANDARD = "gnu++14";
				CLANG_CXX_LIBRARY = "libc++";
				CLANG_ENABLE_MODULES = YES;
				CLANG_ENABLE_OBJC_ARC = YES;
				CLANG_WARN_BLOCK_CAPTURE_AUTORELEASING = YES;
				CLANG_WARN_BOOL_CONVERSION = YES;
				CLANG_WARN_COMMA = YES;
				CLANG_WARN_CONSTANT_CONVERSION = YES;
				CLANG_WARN_DIRECT_OBJC_ISA_USAGE = YES_ERROR;
				CLANG_WARN_DOCUMENTATION_COMMENTS = YES;
				CLANG_WARN_EMPTY_BODY = YES;
				CLANG_WARN_ENUM_CONVERSION = YES;
				CLANG_WARN_INFINITE_RECURSION = YES;
				CLANG_WARN_INT_CONVERSION = YES;
				CLANG_WARN_NON_LITERAL_NULL_CONVERSION = YES;
				CLANG_WARN_OBJC_LITERAL_CONVERSION = YES;
				CLANG_WARN_OBJC_ROOT_CLASS = YES_ERROR;
				CLANG_WARN_RANGE_LOOP_ANALYSIS = YES;
				CLANG_WARN_STRICT_PROTOTYPES = YES;
				CLANG_WARN_SUSPICIOUS_MOVE = YES;
				CLANG_WARN_UNGUARDED_AVAILABILITY = YES_AGGRESSIVE;
				CLANG_WARN_UNREACHABLE_CODE = YES;
				CLANG_WARN__DUPLICATE_METHOD_MATCH = YES;
				CODE_SIGN_IDENTITY = "iPhone Developer";
				COPY_PHASE_STRIP = NO;
				DEBUG_INFORMATION_FORMAT = "dwarf-with-dsym";
				ENABLE_NS_ASSERTIONS = NO;
				ENABLE_STRICT_OBJC_MSGSEND = YES;
				GCC_C_LANGUAGE_STANDARD = gnu11;
				GCC_NO_COMMON_BLOCKS = YES;
				GCC_WARN_64_TO_32_BIT_CONVERSION = YES;
				GCC_WARN_ABOUT_RETURN_TYPE = YES_ERROR;
				GCC_WARN_UNDECLARED_SELECTOR = YES;
				GCC_WARN_UNINITIALIZED_AUTOS = YES_AGGRESSIVE;
				GCC_WARN_UNUSED_FUNCTION = YES;
				GCC_WARN_UNUSED_VARIABLE = YES;
				IPHONEOS_DEPLOYMENT_TARGET = 11.2;
				MTL_ENABLE_DEBUG_INFO = NO;
				SDKROOT = iphoneos;
				SWIFT_OPTIMIZATION_LEVEL = "-Owholemodule";
				VALIDATE_PRODUCT = YES;
			};
			name = Release;
		};
		AEEB95F920535DCE001ECD8D /* Debug */ = {
			isa = XCBuildConfiguration;
			buildSettings = {
				ASSETCATALOG_COMPILER_APPICON_NAME = AppIcon;
				CODE_SIGN_STYLE = Automatic;
				DEVELOPMENT_TEAM = FZ5NFCMB53;
				INFOPLIST_FILE = "My Movies/Info.plist";
				LD_RUNPATH_SEARCH_PATHS = "$(inherited) @executable_path/Frameworks";
				PRODUCT_BUNDLE_IDENTIFIER = "com.mnjpk.My-Movies";
				PRODUCT_NAME = "$(TARGET_NAME)";
				SWIFT_VERSION = 4.0;
				TARGETED_DEVICE_FAMILY = "1,2";
			};
			name = Debug;
		};
		AEEB95FA20535DCE001ECD8D /* Release */ = {
			isa = XCBuildConfiguration;
			buildSettings = {
				ASSETCATALOG_COMPILER_APPICON_NAME = AppIcon;
				CODE_SIGN_STYLE = Automatic;
				DEVELOPMENT_TEAM = FZ5NFCMB53;
				INFOPLIST_FILE = "My Movies/Info.plist";
				LD_RUNPATH_SEARCH_PATHS = "$(inherited) @executable_path/Frameworks";
				PRODUCT_BUNDLE_IDENTIFIER = "com.mnjpk.My-Movies";
				PRODUCT_NAME = "$(TARGET_NAME)";
				SWIFT_VERSION = 4.0;
				TARGETED_DEVICE_FAMILY = "1,2";
			};
			name = Release;
		};
/* End XCBuildConfiguration section */

/* Begin XCConfigurationList section */
		AEEB95DE20535DCE001ECD8D /* Build configuration list for PBXProject "My Movies" */ = {
			isa = XCConfigurationList;
			buildConfigurations = (
				AEEB95F620535DCE001ECD8D /* Debug */,
				AEEB95F720535DCE001ECD8D /* Release */,
			);
			defaultConfigurationIsVisible = 0;
			defaultConfigurationName = Release;
		};
		AEEB95F820535DCE001ECD8D /* Build configuration list for PBXNativeTarget "My Movies" */ = {
			isa = XCConfigurationList;
			buildConfigurations = (
				AEEB95F920535DCE001ECD8D /* Debug */,
				AEEB95FA20535DCE001ECD8D /* Release */,
			);
			defaultConfigurationIsVisible = 0;
			defaultConfigurationName = Release;
		};
/* End XCConfigurationList section */

/* Begin XCVersionGroup section */
		AEEB95ED20535DCE001ECD8D /* My_Movies.xcdatamodeld */ = {
			isa = XCVersionGroup;
			children = (
				AEEB95EE20535DCE001ECD8D /* My_Movies.xcdatamodel */,
			);
			currentVersion = AEEB95EE20535DCE001ECD8D /* My_Movies.xcdatamodel */;
			path = My_Movies.xcdatamodeld;
			sourceTree = "<group>";
			versionGroupType = wrapper.xcdatamodel;
		};
/* End XCVersionGroup section */
	};
	rootObject = AEEB95DB20535DCE001ECD8D /* Project object */;
}
